
Microsoft Visual Studio Solution File, Format Version 12.00
# Visual Studio Version 16
VisualStudioVersion = 16.0.31005.135
MinimumVisualStudioVersion = 10.0.40219.1
Project("{FAE04EC0-301F-11D3-BF4B-00C04F79EFBC}") = "ChatServer", "ChatServer\ChatServer.csproj", "{FADC32C6-30A6-42A2-9751-41D44FCFC034}"
EndProject
Project("{FAE04EC0-301F-11D3-BF4B-00C04F79EFBC}") = "ChatClient", "ChatClient\ChatClient.csproj", "{72347915-1992-44E0-A09C-3B4A73A2B2AB}"
	ProjectSection(ProjectDependencies) = postProject
		{FADC32C6-30A6-42A2-9751-41D44FCFC034} = {FADC32C6-30A6-42A2-9751-41D44FCFC034}
	EndProjectSection
EndProject
Project("{FAE04EC0-301F-11D3-BF4B-00C04F79EFBC}") = "MultiChatLibrary", "MultiChatLibrary\MultiChatLibrary.csproj", "{3F9D00E0-BEA8-4AA3-9AC7-18418BD27516}"
EndProject
Global
	GlobalSection(SolutionConfigurationPlatforms) = preSolution
		Debug|Any CPU = Debug|Any CPU
		Release|Any CPU = Release|Any CPU
	EndGlobalSection
	GlobalSection(ProjectConfigurationPlatforms) = postSolution
		{FADC32C6-30A6-42A2-9751-41D44FCFC034}.Debug|Any CPU.ActiveCfg = Debug|Any CPU
		{FADC32C6-30A6-42A2-9751-41D44FCFC034}.Debug|Any CPU.Build.0 = Debug|Any CPU
		{FADC32C6-30A6-42A2-9751-41D44FCFC034}.Release|Any CPU.ActiveCfg = Release|Any CPU
		{FADC32C6-30A6-42A2-9751-41D44FCFC034}.Release|Any CPU.Build.0 = Release|Any CPU
		{72347915-1992-44E0-A09C-3B4A73A2B2AB}.Debug|Any CPU.ActiveCfg = Debug|Any CPU
		{72347915-1992-44E0-A09C-3B4A73A2B2AB}.Debug|Any CPU.Build.0 = Debug|Any CPU
		{72347915-1992-44E0-A09C-3B4A73A2B2AB}.Release|Any CPU.ActiveCfg = Release|Any CPU
		{72347915-1992-44E0-A09C-3B4A73A2B2AB}.Release|Any CPU.Build.0 = Release|Any CPU
		{3F9D00E0-BEA8-4AA3-9AC7-18418BD27516}.Debug|Any CPU.ActiveCfg = Debug|Any CPU
		{3F9D00E0-BEA8-4AA3-9AC7-18418BD27516}.Debug|Any CPU.Build.0 = Debug|Any CPU
		{3F9D00E0-BEA8-4AA3-9AC7-18418BD27516}.Release|Any CPU.ActiveCfg = Release|Any CPU
		{3F9D00E0-BEA8-4AA3-9AC7-18418BD27516}.Release|Any CPU.Build.0 = Release|Any CPU
	EndGlobalSection
	GlobalSection(SolutionProperties) = preSolution
		HideSolutionNode = FALSE
	EndGlobalSection
	GlobalSection(ExtensibilityGlobals) = postSolution
		SolutionGuid = {233C4813-FEBF-4BBE-B446-906047B6E077}
	EndGlobalSection
EndGlobal
